
Microsoft Visual Studio Solution File, Format Version 12.00
# Visual Studio Version 17
VisualStudioVersion = 17.6.33723.286
MinimumVisualStudioVersion = 10.0.40219.1
Project("{FAE04EC0-301F-11D3-BF4B-00C04F79EFBC}") = "BitmapConverter_", "BitmapConverter_\BitmapConverter_.csproj", "{A0309F1D-41B7-4AA7-A317-3BEA12331CDF}"
EndProject
Global
	GlobalSection(SolutionConfigurationPlatforms) = preSolution
		Debug|Any CPU = Debug|Any CPU
		Debug|x64 = Debug|x64
		Release|Any CPU = Release|Any CPU
		Release|x64 = Release|x64
	EndGlobalSection
	GlobalSection(ProjectConfigurationPlatforms) = postSolution
		{A0309F1D-41B7-4AA7-A317-3BEA12331CDF}.Debug|Any CPU.ActiveCfg = Debug|Any CPU
		{A0309F1D-41B7-4AA7-A317-3BEA12331CDF}.Debug|Any CPU.Build.0 = Debug|Any CPU
		{A0309F1D-41B7-4AA7-A317-3BEA12331CDF}.Debug|x64.ActiveCfg = Debug|Any CPU
		{A0309F1D-41B7-4AA7-A317-3BEA12331CDF}.Debug|x64.Build.0 = Debug|Any CPU
		{A0309F1D-41B7-4AA7-A317-3BEA12331CDF}.Release|Any CPU.ActiveCfg = Release|Any CPU
		{A0309F1D-41B7-4AA7-A317-3BEA12331CDF}.Release|Any CPU.Build.0 = Release|Any CPU
		{A0309F1D-41B7-4AA7-A317-3BEA12331CDF}.Release|x64.ActiveCfg = Release|Any CPU
		{A0309F1D-41B7-4AA7-A317-3BEA12331CDF}.Release|x64.Build.0 = Release|Any CPU
	EndGlobalSection
	GlobalSection(SolutionProperties) = preSolution
		HideSolutionNode = FALSE
	EndGlobalSection
	GlobalSection(ExtensibilityGlobals) = postSolution
		SolutionGuid = {2D9E86CC-34D4-4F2E-968B-F2A022BDE077}
	EndGlobalSection
EndGlobal
